PODS:
  - Alamofire (5.4.4)
  - AliyunOSSiOS (2.10.15)
  - JBOssUtil (0.1.3):
    - Alamofire (>= 5.4.2)
    - AliyunOSSiOS (>= 2.10.8)
    - MBProgressHUD (>= 1.2.0)
  - MBProgressHUD (1.2.0)

DEPENDENCIES:
  - JBOssUtil (from `../`)

SPEC REPOS:
  trunk:
    - Alamofire
    - AliyunOSSiOS
    - MBProgressHUD

EXTERNAL SOURCES:
  JBOssUtil:
    :path: "../"

SPEC CHECKSUMS:
  Alamofire: f3b09a368f1582ab751b3fff5460276e0d2cf5c9
  AliyunOSSiOS: 5d7c50ce7b39b2b0b10f603a5971cccb0f25eee2
  JBOssUtil: 728c1d6ca8e6e6cb10e3cac33a308b846168fb77
  MBProgressHUD: 3ee5efcc380f6a79a7cc9b363dd669c5e1ae7406

PODFILE CHECKSUM: 1f957c848986a90e425c5e14e09f65eca3fdc4e8

COCOAPODS: 1.11.3
