PODS:
  - Alamofire (5.4.4)
  - AliyunOSSiOS (2.10.15)
  - JBOssUtil (0.1.6):
    - Alamofire (>= 5.4.2)
    - AliyunOSSiOS (>= 2.10.8)
    - MBProgressHUD (>= 1.2.0)
  - MBProgressHUD (1.2.0)

DEPENDENCIES:
  - JBOssUtil (from `../`)

SPEC REPOS:
  trunk:
    - Alamofire
    - AliyunOSSiOS
    - MBProgressHUD

EXTERNAL SOURCES:
  JBOssUtil:
    :path: "../"

SPEC CHECKSUMS:
  Alamofire: f3b09a368f1582ab751b3fff5460276e0d2cf5c9
  AliyunOSSiOS: 5d7c50ce7b39b2b0b10f603a5971cccb0f25eee2
  JBOssUtil: e70b92541dccda457571d36d38b68de4f4a04739
  MBProgressHUD: 3ee5efcc380f6a79a7cc9b363dd669c5e1ae7406

PODFILE CHECKSUM: 60377dd46b42365b32a8e350970e51f458f4495b

COCOAPODS: 1.12.0
